// !$*UTF8*$!
{
	archiveVersion = 1;
	classes = {
	};
	objectVersion = 51;
	objects = {

/* Begin PBXBuildFile section */
		430B803C2612CC8C00FF8B40 /* KeyboardGuardian.swift in Sources */ = {isa = PBXBuildFile; fileRef = 430B803B2612CC8C00FF8B40 /* KeyboardGuardian.swift */; };
		430B80672612CF9A00FF8B40 /* GeometryGetter.swift in Sources */ = {isa = PBXBuildFile; fileRef = 430B80662612CF9A00FF8B40 /* GeometryGetter.swift */; };
		430B807B2612DCEE00FF8B40 /* FlashCardModel.swift in Sources */ = {isa = PBXBuildFile; fileRef = 430B807A2612DCEE00FF8B40 /* FlashCardModel.swift */; };
		430B80802612DD3700FF8B40 /* QuizCardModel.swift in Sources */ = {isa = PBXBuildFile; fileRef = 430B807F2612DD3700FF8B40 /* QuizCardModel.swift */; };
		430B80872612E36E00FF8B40 /* AddFlashCardCategoryView.swift in Sources */ = {isa = PBXBuildFile; fileRef = 430B80862612E36E00FF8B40 /* AddFlashCardCategoryView.swift */; };
		430B80A62612F19000FF8B40 /* AddFlashCardCategoryModel.swift in Sources */ = {isa = PBXBuildFile; fileRef = 430B80A52612F19000FF8B40 /* AddFlashCardCategoryModel.swift */; };
		430B80B02612F76300FF8B40 /* NavigationCustomizer.swift in Sources */ = {isa = PBXBuildFile; fileRef = 430B80AF2612F76300FF8B40 /* NavigationCustomizer.swift */; };
		430FD7C2261FED1C00761BF8 /* NetworkMonitor.swift in Sources */ = {isa = PBXBuildFile; fileRef = 430FD7C1261FED1C00761BF8 /* NetworkMonitor.swift */; };
		430FD7C7262008F500761BF8 /* ViewFlashCardsModel.swift in Sources */ = {isa = PBXBuildFile; fileRef = 430FD7C6262008F500761BF8 /* ViewFlashCardsModel.swift */; };
		430FD7CC2620110600761BF8 /* ViewQuizCardsModel.swift in Sources */ = {isa = PBXBuildFile; fileRef = 430FD7CB2620110600761BF8 /* ViewQuizCardsModel.swift */; };
		4313BF872603143900F6E522 /* FirebaseAuthentication.swift in Sources */ = {isa = PBXBuildFile; fileRef = 4313BF862603143900F6E522 /* FirebaseAuthentication.swift */; };
		4313BF9826031A9000F6E522 /* FieldValidators.swift in Sources */ = {isa = PBXBuildFile; fileRef = 4313BF9726031A9000F6E522 /* FieldValidators.swift */; };
		4314379E26215202004D6635 /* FlashCards.swift in Sources */ = {isa = PBXBuildFile; fileRef = 4314379D26215202004D6635 /* FlashCards.swift */; };
		431437A326215CC4004D6635 /* QuizCards.swift in Sources */ = {isa = PBXBuildFile; fileRef = 431437A226215CC4004D6635 /* QuizCards.swift */; };
		43155BE4261AAC7B004ACD5F /* AQuizCard.swift in Sources */ = {isa = PBXBuildFile; fileRef = 43155BE3261AAC7B004ACD5F /* AQuizCard.swift */; };
		43155BE9261AAFD9004ACD5F /* QuizOptionsModel.swift in Sources */ = {isa = PBXBuildFile; fileRef = 43155BE8261AAFD9004ACD5F /* QuizOptionsModel.swift */; };
		432E467D260191320063D020 /* LoginView.swift in Sources */ = {isa = PBXBuildFile; fileRef = 432E467C260191320063D020 /* LoginView.swift */; };
		432E4687260191F30063D020 /* SignUpView.swift in Sources */ = {isa = PBXBuildFile; fileRef = 432E4686260191F30063D020 /* SignUpView.swift */; };
		432E468C260192330063D020 /* ForgotPasswordView.swift in Sources */ = {isa = PBXBuildFile; fileRef = 432E468B260192330063D020 /* ForgotPasswordView.swift */; };
		432E46AD2601A4160063D020 /* CustomTextField.swift in Sources */ = {isa = PBXBuildFile; fileRef = 432E46AC2601A4160063D020 /* CustomTextField.swift */; };
		435866E326118CF7001E3661 /* ProfileModel.swift in Sources */ = {isa = PBXBuildFile; fileRef = 435866E226118CF7001E3661 /* ProfileModel.swift */; };
		435866E826119711001E3661 /* FeedbackModel.swift in Sources */ = {isa = PBXBuildFile; fileRef = 435866E726119711001E3661 /* FeedbackModel.swift */; };
		435866ED2611A4A4001E3661 /* AboutUsModel.swift in Sources */ = {isa = PBXBuildFile; fileRef = 435866EC2611A4A4001E3661 /* AboutUsModel.swift */; };
		4390F70826191E2E0001D875 /* AddQuizCardCategoryView.swift in Sources */ = {isa = PBXBuildFile; fileRef = 4390F70726191E2E0001D875 /* AddQuizCardCategoryView.swift */; };
		4390F70D26191EEA0001D875 /* AddQuizCardCategoryModel.swift in Sources */ = {isa = PBXBuildFile; fileRef = 4390F70C26191EEA0001D875 /* AddQuizCardCategoryModel.swift */; };
		4390F73026192F610001D875 /* VisualEffectBlur.swift in Sources */ = {isa = PBXBuildFile; fileRef = 4390F72F26192F610001D875 /* VisualEffectBlur.swift */; };
		4390F74426196E9F0001D875 /* ViewFlashCards.swift in Sources */ = {isa = PBXBuildFile; fileRef = 4390F74326196E9F0001D875 /* ViewFlashCards.swift */; };
		4390F74926196EAF0001D875 /* ViewQuizCards.swift in Sources */ = {isa = PBXBuildFile; fileRef = 4390F74826196EAF0001D875 /* ViewQuizCards.swift */; };
		4390F751261A7EB10001D875 /* AFlashCard.swift in Sources */ = {isa = PBXBuildFile; fileRef = 4390F750261A7EB10001D875 /* AFlashCard.swift */; };
		4392838A261E966500804CCE /* FlashCardCategories.swift in Sources */ = {isa = PBXBuildFile; fileRef = 43928389261E966500804CCE /* FlashCardCategories.swift */; };
		4392838F261E990A00804CCE /* QuizCardCategories.swift in Sources */ = {isa = PBXBuildFile; fileRef = 4392838E261E990A00804CCE /* QuizCardCategories.swift */; };
		4394F4AA26030C8F00A8E056 /* GoogleService-Info.plist in Resources */ = {isa = PBXBuildFile; fileRef = 4394F4A926030C8F00A8E056 /* GoogleService-Info.plist */; };
		43A05F5625FC630F00AA5073 /* AppDelegate.swift in Sources */ = {isa = PBXBuildFile; fileRef = 43A05F5525FC630F00AA5073 /* AppDelegate.swift */; };
		43A05F5825FC630F00AA5073 /* SceneDelegate.swift in Sources */ = {isa = PBXBuildFile; fileRef = 43A05F5725FC630F00AA5073 /* SceneDelegate.swift */; };
		43A05F5A25FC630F00AA5073 /* ContentView.swift in Sources */ = {isa = PBXBuildFile; fileRef = 43A05F5925FC630F00AA5073 /* ContentView.swift */; };
		43A05F5C25FC631000AA5073 /* Assets.xcassets in Resources */ = {isa = PBXBuildFile; fileRef = 43A05F5B25FC631000AA5073 /* Assets.xcassets */; };
		43A05F5F25FC631000AA5073 /* Preview Assets.xcassets in Resources */ = {isa = PBXBuildFile; fileRef = 43A05F5E25FC631000AA5073 /* Preview Assets.xcassets */; };
		43A05F6225FC631000AA5073 /* LaunchScreen.storyboard in Resources */ = {isa = PBXBuildFile; fileRef = 43A05F6025FC631000AA5073 /* LaunchScreen.storyboard */; };
		43A05F6D25FC631100AA5073 /* StudyWMeTests.swift in Sources */ = {isa = PBXBuildFile; fileRef = 43A05F6C25FC631100AA5073 /* StudyWMeTests.swift */; };
		43A05F7825FC631100AA5073 /* StudyWMeUITests.swift in Sources */ = {isa = PBXBuildFile; fileRef = 43A05F7725FC631100AA5073 /* StudyWMeUITests.swift */; };
		43C844F7260D6CCD001957F8 /* LoaderView.swift in Sources */ = {isa = PBXBuildFile; fileRef = 43C844F6260D6CCD001957F8 /* LoaderView.swift */; };
		43C844FC260D6E79001957F8 /* LoginModel.swift in Sources */ = {isa = PBXBuildFile; fileRef = 43C844FB260D6E79001957F8 /* LoginModel.swift */; };
		43C84501260D6F6F001957F8 /* SignUpModel.swift in Sources */ = {isa = PBXBuildFile; fileRef = 43C84500260D6F6F001957F8 /* SignUpModel.swift */; };
		43C84506260D6F97001957F8 /* ForgotPasswordModel.swift in Sources */ = {isa = PBXBuildFile; fileRef = 43C84505260D6F97001957F8 /* ForgotPasswordModel.swift */; };
		43C84520260D8D35001957F8 /* MainView.swift in Sources */ = {isa = PBXBuildFile; fileRef = 43C8451F260D8D35001957F8 /* MainView.swift */; };
		43C84525260D8FAC001957F8 /* Drawer.swift in Sources */ = {isa = PBXBuildFile; fileRef = 43C84524260D8FAC001957F8 /* Drawer.swift */; };
		43C8452A260D9509001957F8 /* MenuButtons.swift in Sources */ = {isa = PBXBuildFile; fileRef = 43C84529260D9509001957F8 /* MenuButtons.swift */; };
		43C8452F260D95EC001957F8 /* MenuModel.swift in Sources */ = {isa = PBXBuildFile; fileRef = 43C8452E260D95EC001957F8 /* MenuModel.swift */; };
		43C84544260E629B001957F8 /* ProfileView.swift in Sources */ = {isa = PBXBuildFile; fileRef = 43C84543260E629B001957F8 /* ProfileView.swift */; };
		43C84549260E62B7001957F8 /* FeedbackView.swift in Sources */ = {isa = PBXBuildFile; fileRef = 43C84548260E62B7001957F8 /* FeedbackView.swift */; };
		43C8454E260E62CB001957F8 /* AboutUsView.swift in Sources */ = {isa = PBXBuildFile; fileRef = 43C8454D260E62CB001957F8 /* AboutUsView.swift */; };
		43C84565260F4A2A001957F8 /* FlashQuizView.swift in Sources */ = {isa = PBXBuildFile; fileRef = 43C84564260F4A2A001957F8 /* FlashQuizView.swift */; };
		43C8457D260F5598001957F8 /* Student.swift in Sources */ = {isa = PBXBuildFile; fileRef = 43C8457C260F5597001957F8 /* Student.swift */; };
		43C84585260F8C26001957F8 /* FlashCardCategory.swift in Sources */ = {isa = PBXBuildFile; fileRef = 43C84584260F8C25001957F8 /* FlashCardCategory.swift */; };
		43C8458A260F8CA4001957F8 /* QuizCardCategory.swift in Sources */ = {isa = PBXBuildFile; fileRef = 43C84589260F8CA4001957F8 /* QuizCardCategory.swift */; };
		43C845A4261152C6001957F8 /* CardView.swift in Sources */ = {isa = PBXBuildFile; fileRef = 43C845A3261152C6001957F8 /* CardView.swift */; };
		57B05F9D4E53D29A130A7346 /* Pods_StudyWMe.framework in Frameworks */ = {isa = PBXBuildFile; fileRef = 5A157368607D64059BC06658 /* Pods_StudyWMe.framework */; };
		94239C3B40133C6843701055 /* Pods_StudyWMeTests.framework in Frameworks */ = {isa = PBXBuildFile; fileRef = A4D2D95A90F575E27D829747 /* Pods_StudyWMeTests.framework */; };
		969941493A7AFB763B29954A /* Pods_StudyWMe_StudyWMeUITests.framework in Frameworks */ = {isa = PBXBuildFile; fileRef = B42821FC2D7E319299F7796F /* Pods_StudyWMe_StudyWMeUITests.framework */; };
/* End PBXBuildFile section */

/* Begin PBXContainerItemProxy section */
		43A05F6925FC631100AA5073 /* PBXContainerItemProxy */ = {
			isa = PBXContainerItemProxy;
			containerPortal = 43A05F4A25FC630F00AA5073 /* Project object */;
			proxyType = 1;
			remoteGlobalIDString = 43A05F5125FC630F00AA5073;
			remoteInfo = StudyWMe;
		};
		43A05F7425FC631100AA5073 /* PBXContainerItemProxy */ = {
			isa = PBXContainerItemProxy;
			containerPortal = 43A05F4A25FC630F00AA5073 /* Project object */;
			proxyType = 1;
			remoteGlobalIDString = 43A05F5125FC630F00AA5073;
			remoteInfo = StudyWMe;
		};
/* End PBXContainerItemProxy section */

/* Begin PBXFileReference section */
		23833FCCC55F3F3088AD3611 /* Pods-StudyWMe.debug.xcconfig */ = {isa = PBXFileReference; includeInIndex = 1; lastKnownFileType = text.xcconfig; name = "Pods-StudyWMe.debug.xcconfig"; path = "Target Support Files/Pods-StudyWMe/Pods-StudyWMe.debug.xcconfig"; sourceTree = "<group>"; };
		430B803B2612CC8C00FF8B40 /* KeyboardGuardian.swift */ = {isa = PBXFileReference; lastKnownFileType = sourcecode.swift; path = KeyboardGuardian.swift; sourceTree = "<group>"; };
		430B80662612CF9A00FF8B40 /* GeometryGetter.swift */ = {isa = PBXFileReference; lastKnownFileType = sourcecode.swift; path = GeometryGetter.swift; sourceTree = "<group>"; };
		430B807A2612DCEE00FF8B40 /* FlashCardModel.swift */ = {isa = PBXFileReference; lastKnownFileType = sourcecode.swift; path = FlashCardModel.swift; sourceTree = "<group>"; };
		430B807F2612DD3700FF8B40 /* QuizCardModel.swift */ = {isa = PBXFileReference; lastKnownFileType = sourcecode.swift; path = QuizCardModel.swift; sourceTree = "<group>"; };
		430B80862612E36E00FF8B40 /* AddFlashCardCategoryView.swift */ = {isa = PBXFileReference; lastKnownFileType = sourcecode.swift; path = AddFlashCardCategoryView.swift; sourceTree = "<group>"; };
		430B80A52612F19000FF8B40 /* AddFlashCardCategoryModel.swift */ = {isa = PBXFileReference; lastKnownFileType = sourcecode.swift; path = AddFlashCardCategoryModel.swift; sourceTree = "<group>"; };
		430B80AF2612F76300FF8B40 /* NavigationCustomizer.swift */ = {isa = PBXFileReference; lastKnownFileType = sourcecode.swift; path = NavigationCustomizer.swift; sourceTree = "<group>"; };
		430FD7C1261FED1C00761BF8 /* NetworkMonitor.swift */ = {isa = PBXFileReference; lastKnownFileType = sourcecode.swift; path = NetworkMonitor.swift; sourceTree = "<group>"; };
		430FD7C6262008F500761BF8 /* ViewFlashCardsModel.swift */ = {isa = PBXFileReference; lastKnownFileType = sourcecode.swift; path = ViewFlashCardsModel.swift; sourceTree = "<group>"; };
		430FD7CB2620110600761BF8 /* ViewQuizCardsModel.swift */ = {isa = PBXFileReference; lastKnownFileType = sourcecode.swift; path = ViewQuizCardsModel.swift; sourceTree = "<group>"; };
		4313BF862603143900F6E522 /* FirebaseAuthentication.swift */ = {isa = PBXFileReference; lastKnownFileType = sourcecode.swift; path = FirebaseAuthentication.swift; sourceTree = "<group>"; };
		4313BF9726031A9000F6E522 /* FieldValidators.swift */ = {isa = PBXFileReference; lastKnownFileType = sourcecode.swift; path = FieldValidators.swift; sourceTree = "<group>"; };
		4314379D26215202004D6635 /* FlashCards.swift */ = {isa = PBXFileReference; lastKnownFileType = sourcecode.swift; path = FlashCards.swift; sourceTree = "<group>"; };
		431437A226215CC4004D6635 /* QuizCards.swift */ = {isa = PBXFileReference; lastKnownFileType = sourcecode.swift; path = QuizCards.swift; sourceTree = "<group>"; };
		43155BE3261AAC7B004ACD5F /* AQuizCard.swift */ = {isa = PBXFileReference; lastKnownFileType = sourcecode.swift; path = AQuizCard.swift; sourceTree = "<group>"; };
		43155BE8261AAFD9004ACD5F /* QuizOptionsModel.swift */ = {isa = PBXFileReference; lastKnownFileType = sourcecode.swift; path = QuizOptionsModel.swift; sourceTree = "<group>"; };
		432E467C260191320063D020 /* LoginView.swift */ = {isa = PBXFileReference; lastKnownFileType = sourcecode.swift; path = LoginView.swift; sourceTree = "<group>"; };
		432E4686260191F30063D020 /* SignUpView.swift */ = {isa = PBXFileReference; lastKnownFileType = sourcecode.swift; path = SignUpView.swift; sourceTree = "<group>"; };
		432E468B260192330063D020 /* ForgotPasswordView.swift */ = {isa = PBXFileReference; lastKnownFileType = sourcecode.swift; path = ForgotPasswordView.swift; sourceTree = "<group>"; };
		432E46AC2601A4160063D020 /* CustomTextField.swift */ = {isa = PBXFileReference; lastKnownFileType = sourcecode.swift; path = CustomTextField.swift; sourceTree = "<group>"; };
		435866E226118CF7001E3661 /* ProfileModel.swift */ = {isa = PBXFileReference; lastKnownFileType = sourcecode.swift; path = ProfileModel.swift; sourceTree = "<group>"; };
		435866E726119711001E3661 /* FeedbackModel.swift */ = {isa = PBXFileReference; lastKnownFileType = sourcecode.swift; path = FeedbackModel.swift; sourceTree = "<group>"; };
		435866EC2611A4A4001E3661 /* AboutUsModel.swift */ = {isa = PBXFileReference; lastKnownFileType = sourcecode.swift; path = AboutUsModel.swift; sourceTree = "<group>"; };
		4390F70726191E2E0001D875 /* AddQuizCardCategoryView.swift */ = {isa = PBXFileReference; lastKnownFileType = sourcecode.swift; path = AddQuizCardCategoryView.swift; sourceTree = "<group>"; };
		4390F70C26191EEA0001D875 /* AddQuizCardCategoryModel.swift */ = {isa = PBXFileReference; lastKnownFileType = sourcecode.swift; path = AddQuizCardCategoryModel.swift; sourceTree = "<group>"; };
		4390F72F26192F610001D875 /* VisualEffectBlur.swift */ = {isa = PBXFileReference; fileEncoding = 4; lastKnownFileType = sourcecode.swift; path = VisualEffectBlur.swift; sourceTree = "<group>"; };
		4390F74326196E9F0001D875 /* ViewFlashCards.swift */ = {isa = PBXFileReference; lastKnownFileType = sourcecode.swift; path = ViewFlashCards.swift; sourceTree = "<group>"; };
		4390F74826196EAF0001D875 /* ViewQuizCards.swift */ = {isa = PBXFileReference; lastKnownFileType = sourcecode.swift; path = ViewQuizCards.swift; sourceTree = "<group>"; };
		4390F750261A7EB10001D875 /* AFlashCard.swift */ = {isa = PBXFileReference; lastKnownFileType = sourcecode.swift; path = AFlashCard.swift; sourceTree = "<group>"; };
		43928389261E966500804CCE /* FlashCardCategories.swift */ = {isa = PBXFileReference; lastKnownFileType = sourcecode.swift; path = FlashCardCategories.swift; sourceTree = "<group>"; };
		4392838E261E990A00804CCE /* QuizCardCategories.swift */ = {isa = PBXFileReference; lastKnownFileType = sourcecode.swift; path = QuizCardCategories.swift; sourceTree = "<group>"; };
		4394F4A926030C8F00A8E056 /* GoogleService-Info.plist */ = {isa = PBXFileReference; fileEncoding = 4; lastKnownFileType = text.plist.xml; path = "GoogleService-Info.plist"; sourceTree = "<group>"; };
		43A05F5225FC630F00AA5073 /* StudyWMe.app */ = {isa = PBXFileReference; explicitFileType = wrapper.application; includeInIndex = 0; path = StudyWMe.app; sourceTree = BUILT_PRODUCTS_DIR; };
		43A05F5525FC630F00AA5073 /* AppDelegate.swift */ = {isa = PBXFileReference; lastKnownFileType = sourcecode.swift; path = AppDelegate.swift; sourceTree = "<group>"; };
		43A05F5725FC630F00AA5073 /* SceneDelegate.swift */ = {isa = PBXFileReference; lastKnownFileType = sourcecode.swift; path = SceneDelegate.swift; sourceTree = "<group>"; };
		43A05F5925FC630F00AA5073 /* ContentView.swift */ = {isa = PBXFileReference; lastKnownFileType = sourcecode.swift; path = ContentView.swift; sourceTree = "<group>"; };
		43A05F5B25FC631000AA5073 /* Assets.xcassets */ = {isa = PBXFileReference; lastKnownFileType = folder.assetcatalog; path = Assets.xcassets; sourceTree = "<group>"; };
		43A05F5E25FC631000AA5073 /* Preview Assets.xcassets */ = {isa = PBXFileReference; lastKnownFileType = folder.assetcatalog; path = "Preview Assets.xcassets"; sourceTree = "<group>"; };
		43A05F6125FC631000AA5073 /* Base */ = {isa = PBXFileReference; lastKnownFileType = file.storyboard; name = Base; path = Base.lproj/LaunchScreen.storyboard; sourceTree = "<group>"; };
		43A05F6325FC631100AA5073 /* Info.plist */ = {isa = PBXFileReference; lastKnownFileType = text.plist.xml; path = Info.plist; sourceTree = "<group>"; };
		43A05F6825FC631100AA5073 /* StudyWMeTests.xctest */ = {isa = PBXFileReference; explicitFileType = wrapper.cfbundle; includeInIndex = 0; path = StudyWMeTests.xctest; sourceTree = BUILT_PRODUCTS_DIR; };
		43A05F6C25FC631100AA5073 /* StudyWMeTests.swift */ = {isa = PBXFileReference; lastKnownFileType = sourcecode.swift; path = StudyWMeTests.swift; sourceTree = "<group>"; };
		43A05F6E25FC631100AA5073 /* Info.plist */ = {isa = PBXFileReference; lastKnownFileType = text.plist.xml; path = Info.plist; sourceTree = "<group>"; };
		43A05F7325FC631100AA5073 /* StudyWMeUITests.xctest */ = {isa = PBXFileReference; explicitFileType = wrapper.cfbundle; includeInIndex = 0; path = StudyWMeUITests.xctest; sourceTree = BUILT_PRODUCTS_DIR; };
		43A05F7725FC631100AA5073 /* StudyWMeUITests.swift */ = {isa = PBXFileReference; lastKnownFileType = sourcecode.swift; path = StudyWMeUITests.swift; sourceTree = "<group>"; };
		43A05F7925FC631100AA5073 /* Info.plist */ = {isa = PBXFileReference; lastKnownFileType = text.plist.xml; path = Info.plist; sourceTree = "<group>"; };
		43AF960DB7106E54AA1EF69E /* Pods-StudyWMe-StudyWMeUITests.release.xcconfig */ = {isa = PBXFileReference; includeInIndex = 1; lastKnownFileType = text.xcconfig; name = "Pods-StudyWMe-StudyWMeUITests.release.xcconfig"; path = "Target Support Files/Pods-StudyWMe-StudyWMeUITests/Pods-StudyWMe-StudyWMeUITests.release.xcconfig"; sourceTree = "<group>"; };
		43C844F6260D6CCD001957F8 /* LoaderView.swift */ = {isa = PBXFileReference; lastKnownFileType = sourcecode.swift; path = LoaderView.swift; sourceTree = "<group>"; };
		43C844FB260D6E79001957F8 /* LoginModel.swift */ = {isa = PBXFileReference; lastKnownFileType = sourcecode.swift; path = LoginModel.swift; sourceTree = "<group>"; };
		43C84500260D6F6F001957F8 /* SignUpModel.swift */ = {isa = PBXFileReference; lastKnownFileType = sourcecode.swift; path = SignUpModel.swift; sourceTree = "<group>"; };
		43C84505260D6F97001957F8 /* ForgotPasswordModel.swift */ = {isa = PBXFileReference; lastKnownFileType = sourcecode.swift; path = ForgotPasswordModel.swift; sourceTree = "<group>"; };
		43C8451F260D8D35001957F8 /* MainView.swift */ = {isa = PBXFileReference; lastKnownFileType = sourcecode.swift; path = MainView.swift; sourceTree = "<group>"; };
		43C84524260D8FAC001957F8 /* Drawer.swift */ = {isa = PBXFileReference; lastKnownFileType = sourcecode.swift; path = Drawer.swift; sourceTree = "<group>"; };
		43C84529260D9509001957F8 /* MenuButtons.swift */ = {isa = PBXFileReference; lastKnownFileType = sourcecode.swift; path = MenuButtons.swift; sourceTree = "<group>"; };
		43C8452E260D95EC001957F8 /* MenuModel.swift */ = {isa = PBXFileReference; lastKnownFileType = sourcecode.swift; path = MenuModel.swift; sourceTree = "<group>"; };
		43C84543260E629B001957F8 /* ProfileView.swift */ = {isa = PBXFileReference; lastKnownFileType = sourcecode.swift; path = ProfileView.swift; sourceTree = "<group>"; };
		43C84548260E62B7001957F8 /* FeedbackView.swift */ = {isa = PBXFileReference; lastKnownFileType = sourcecode.swift; path = FeedbackView.swift; sourceTree = "<group>"; };
		43C8454D260E62CB001957F8 /* AboutUsView.swift */ = {isa = PBXFileReference; lastKnownFileType = sourcecode.swift; path = AboutUsView.swift; sourceTree = "<group>"; };
		43C84564260F4A2A001957F8 /* FlashQuizView.swift */ = {isa = PBXFileReference; lastKnownFileType = sourcecode.swift; path = FlashQuizView.swift; sourceTree = "<group>"; };
		43C8457C260F5597001957F8 /* Student.swift */ = {isa = PBXFileReference; lastKnownFileType = sourcecode.swift; path = Student.swift; sourceTree = "<group>"; };
		43C84584260F8C25001957F8 /* FlashCardCategory.swift */ = {isa = PBXFileReference; lastKnownFileType = sourcecode.swift; path = FlashCardCategory.swift; sourceTree = "<group>"; };
		43C84589260F8CA4001957F8 /* QuizCardCategory.swift */ = {isa = PBXFileReference; lastKnownFileType = sourcecode.swift; path = QuizCardCategory.swift; sourceTree = "<group>"; };
		43C845A3261152C6001957F8 /* CardView.swift */ = {isa = PBXFileReference; lastKnownFileType = sourcecode.swift; path = CardView.swift; sourceTree = "<group>"; };
		54B357E7651F12CBA0557668 /* Pods-StudyWMeTests.debug.xcconfig */ = {isa = PBXFileReference; includeInIndex = 1; lastKnownFileType = text.xcconfig; name = "Pods-StudyWMeTests.debug.xcconfig"; path = "Target Support Files/Pods-StudyWMeTests/Pods-StudyWMeTests.debug.xcconfig"; sourceTree = "<group>"; };
		5A157368607D64059BC06658 /* Pods_StudyWMe.framework */ = {isa = PBXFileReference; explicitFileType = wrapper.framework; includeInIndex = 0; path = Pods_StudyWMe.framework; sourceTree = BUILT_PRODUCTS_DIR; };
		93A901E18899D48CDE3D89CC /* Pods-StudyWMe.release.xcconfig */ = {isa = PBXFileReference; includeInIndex = 1; lastKnownFileType = text.xcconfig; name = "Pods-StudyWMe.release.xcconfig"; path = "Target Support Files/Pods-StudyWMe/Pods-StudyWMe.release.xcconfig"; sourceTree = "<group>"; };
		A4D2D95A90F575E27D829747 /* Pods_StudyWMeTests.framework */ = {isa = PBXFileReference; explicitFileType = wrapper.framework; includeInIndex = 0; path = Pods_StudyWMeTests.framework; sourceTree = BUILT_PRODUCTS_DIR; };
		B42821FC2D7E319299F7796F /* Pods_StudyWMe_StudyWMeUITests.framework */ = {isa = PBXFileReference; explicitFileType = wrapper.framework; includeInIndex = 0; path = Pods_StudyWMe_StudyWMeUITests.framework; sourceTree = BUILT_PRODUCTS_DIR; };
		C20A4B5CC4227C3919E38F7E /* Pods-StudyWMeTests.release.xcconfig */ = {isa = PBXFileReference; includeInIndex = 1; lastKnownFileType = text.xcconfig; name = "Pods-StudyWMeTests.release.xcconfig"; path = "Target Support Files/Pods-StudyWMeTests/Pods-StudyWMeTests.release.xcconfig"; sourceTree = "<group>"; };
		FEDF274D6D226FA6B1D46E80 /* Pods-StudyWMe-StudyWMeUITests.debug.xcconfig */ = {isa = PBXFileReference; includeInIndex = 1; lastKnownFileType = text.xcconfig; name = "Pods-StudyWMe-StudyWMeUITests.debug.xcconfig"; path = "Target Support Files/Pods-StudyWMe-StudyWMeUITests/Pods-StudyWMe-StudyWMeUITests.debug.xcconfig"; sourceTree = "<group>"; };
/* End PBXFileReference section */

/* Begin PBXFrameworksBuildPhase section */
		43A05F4F25FC630F00AA5073 /* Frameworks */ = {
			isa = PBXFrameworksBuildPhase;
			buildActionMask = 2147483647;
			files = (
				57B05F9D4E53D29A130A7346 /* Pods_StudyWMe.framework in Frameworks */,
			);
			runOnlyForDeploymentPostprocessing = 0;
		};
		43A05F6525FC631100AA5073 /* Frameworks */ = {
			isa = PBXFrameworksBuildPhase;
			buildActionMask = 2147483647;
			files = (
				94239C3B40133C6843701055 /* Pods_StudyWMeTests.framework in Frameworks */,
			);
			runOnlyForDeploymentPostprocessing = 0;
		};
		43A05F7025FC631100AA5073 /* Frameworks */ = {
			isa = PBXFrameworksBuildPhase;
			buildActionMask = 2147483647;
			files = (
				969941493A7AFB763B29954A /* Pods_StudyWMe_StudyWMeUITests.framework in Frameworks */,
			);
			runOnlyForDeploymentPostprocessing = 0;
		};
/* End PBXFrameworksBuildPhase section */

/* Begin PBXGroup section */
		11AE11D07F9CD85EA60E75DD /* Frameworks */ = {
			isa = PBXGroup;
			children = (
				5A157368607D64059BC06658 /* Pods_StudyWMe.framework */,
				B42821FC2D7E319299F7796F /* Pods_StudyWMe_StudyWMeUITests.framework */,
				A4D2D95A90F575E27D829747 /* Pods_StudyWMeTests.framework */,
			);
			name = Frameworks;
			sourceTree = "<group>";
		};
		430B80372612CC4400FF8B40 /* Utilities */ = {
			isa = PBXGroup;
			children = (
				4390F72F26192F610001D875 /* VisualEffectBlur.swift */,
				4313BF9726031A9000F6E522 /* FieldValidators.swift */,
				430B803B2612CC8C00FF8B40 /* KeyboardGuardian.swift */,
				430B80AF2612F76300FF8B40 /* NavigationCustomizer.swift */,
				430FD7C1261FED1C00761BF8 /* NetworkMonitor.swift */,
			);
			path = Utilities;
			sourceTree = "<group>";
		};
		430B804F2612CD1800FF8B40 /* AuthenticationViews */ = {
			isa = PBXGroup;
			children = (
				432E467C260191320063D020 /* LoginView.swift */,
				432E4686260191F30063D020 /* SignUpView.swift */,
				432E468B260192330063D020 /* ForgotPasswordView.swift */,
			);
			path = AuthenticationViews;
			sourceTree = "<group>";
		};
		430B80502612CD5B00FF8B40 /* UtilityViews */ = {
			isa = PBXGroup;
			children = (
				43C845A3261152C6001957F8 /* CardView.swift */,
				432E46AC2601A4160063D020 /* CustomTextField.swift */,
				43C844F6260D6CCD001957F8 /* LoaderView.swift */,
				43C84524260D8FAC001957F8 /* Drawer.swift */,
				43C84529260D9509001957F8 /* MenuButtons.swift */,
				430B80662612CF9A00FF8B40 /* GeometryGetter.swift */,
			);
			path = UtilityViews;
			sourceTree = "<group>";
		};
		430B80842612E28600FF8B40 /* ManageCardViews */ = {
			isa = PBXGroup;
			children = (
				430B80862612E36E00FF8B40 /* AddFlashCardCategoryView.swift */,
				4390F70726191E2E0001D875 /* AddQuizCardCategoryView.swift */,
				4390F74326196E9F0001D875 /* ViewFlashCards.swift */,
				4390F74826196EAF0001D875 /* ViewQuizCards.swift */,
				4390F750261A7EB10001D875 /* AFlashCard.swift */,
				43155BE3261AAC7B004ACD5F /* AQuizCard.swift */,
			);
			path = ManageCardViews;
			sourceTree = "<group>";
		};
		43A05F4925FC630F00AA5073 = {
			isa = PBXGroup;
			children = (
				43A05F5425FC630F00AA5073 /* StudyWMe */,
				43A05F6B25FC631100AA5073 /* StudyWMeTests */,
				43A05F7625FC631100AA5073 /* StudyWMeUITests */,
				43A05F5325FC630F00AA5073 /* Products */,
				DE8D350A7F89BFDC6E621E02 /* Pods */,
				11AE11D07F9CD85EA60E75DD /* Frameworks */,
			);
			sourceTree = "<group>";
		};
		43A05F5325FC630F00AA5073 /* Products */ = {
			isa = PBXGroup;
			children = (
				43A05F5225FC630F00AA5073 /* StudyWMe.app */,
				43A05F6825FC631100AA5073 /* StudyWMeTests.xctest */,
				43A05F7325FC631100AA5073 /* StudyWMeUITests.xctest */,
			);
			name = Products;
			sourceTree = "<group>";
		};
		43A05F5425FC630F00AA5073 /* StudyWMe */ = {
			isa = PBXGroup;
			children = (
				430B80842612E28600FF8B40 /* ManageCardViews */,
				430B80502612CD5B00FF8B40 /* UtilityViews */,
				430B804F2612CD1800FF8B40 /* AuthenticationViews */,
				430B80372612CC4400FF8B40 /* Utilities */,
				43C8457B260F5587001957F8 /* DataModels */,
				43C84542260E6268001957F8 /* MenuSubViews */,
				43C8450B260D71C3001957F8 /* ViewModels */,
				4394F4A926030C8F00A8E056 /* GoogleService-Info.plist */,
				43A05F5525FC630F00AA5073 /* AppDelegate.swift */,
				43A05F5725FC630F00AA5073 /* SceneDelegate.swift */,
				43A05F5925FC630F00AA5073 /* ContentView.swift */,
				43A05F5B25FC631000AA5073 /* Assets.xcassets */,
				43A05F6025FC631000AA5073 /* LaunchScreen.storyboard */,
				43A05F6325FC631100AA5073 /* Info.plist */,
				43A05F5D25FC631000AA5073 /* Preview Content */,
				4313BF862603143900F6E522 /* FirebaseAuthentication.swift */,
				43C8451F260D8D35001957F8 /* MainView.swift */,
			);
			path = StudyWMe;
			sourceTree = "<group>";
		};
		43A05F5D25FC631000AA5073 /* Preview Content */ = {
			isa = PBXGroup;
			children = (
				43A05F5E25FC631000AA5073 /* Preview Assets.xcassets */,
			);
			path = "Preview Content";
			sourceTree = "<group>";
		};
		43A05F6B25FC631100AA5073 /* StudyWMeTests */ = {
			isa = PBXGroup;
			children = (
				43A05F6C25FC631100AA5073 /* StudyWMeTests.swift */,
				43A05F6E25FC631100AA5073 /* Info.plist */,
			);
			path = StudyWMeTests;
			sourceTree = "<group>";
		};
		43A05F7625FC631100AA5073 /* StudyWMeUITests */ = {
			isa = PBXGroup;
			children = (
				43A05F7725FC631100AA5073 /* StudyWMeUITests.swift */,
				43A05F7925FC631100AA5073 /* Info.plist */,
			);
			path = StudyWMeUITests;
			sourceTree = "<group>";
		};
		43C8450B260D71C3001957F8 /* ViewModels */ = {
			isa = PBXGroup;
			children = (
				43C8450C260D71DB001957F8 /* AuthenticationViewModel */,
				43C8452E260D95EC001957F8 /* MenuModel.swift */,
				435866E226118CF7001E3661 /* ProfileModel.swift */,
				435866E726119711001E3661 /* FeedbackModel.swift */,
				435866EC2611A4A4001E3661 /* AboutUsModel.swift */,
				430B80A52612F19000FF8B40 /* AddFlashCardCategoryModel.swift */,
				4390F70C26191EEA0001D875 /* AddQuizCardCategoryModel.swift */,
				43928389261E966500804CCE /* FlashCardCategories.swift */,
				4392838E261E990A00804CCE /* QuizCardCategories.swift */,
				430FD7C6262008F500761BF8 /* ViewFlashCardsModel.swift */,
				430FD7CB2620110600761BF8 /* ViewQuizCardsModel.swift */,
				4314379D26215202004D6635 /* FlashCards.swift */,
				431437A226215CC4004D6635 /* QuizCards.swift */,
			);
			path = ViewModels;
			sourceTree = "<group>";
		};
		43C8450C260D71DB001957F8 /* AuthenticationViewModel */ = {
			isa = PBXGroup;
			children = (
				43C844FB260D6E79001957F8 /* LoginModel.swift */,
				43C84500260D6F6F001957F8 /* SignUpModel.swift */,
				43C84505260D6F97001957F8 /* ForgotPasswordModel.swift */,
			);
			path = AuthenticationViewModel;
			sourceTree = "<group>";
		};
		43C84542260E6268001957F8 /* MenuSubViews */ = {
			isa = PBXGroup;
			children = (
				43C84543260E629B001957F8 /* ProfileView.swift */,
				43C84548260E62B7001957F8 /* FeedbackView.swift */,
				43C8454D260E62CB001957F8 /* AboutUsView.swift */,
				43C84564260F4A2A001957F8 /* FlashQuizView.swift */,
			);
			path = MenuSubViews;
			sourceTree = "<group>";
		};
		43C8457B260F5587001957F8 /* DataModels */ = {
			isa = PBXGroup;
			children = (
				43C8457C260F5597001957F8 /* Student.swift */,
				43C84584260F8C25001957F8 /* FlashCardCategory.swift */,
				43C84589260F8CA4001957F8 /* QuizCardCategory.swift */,
				430B807A2612DCEE00FF8B40 /* FlashCardModel.swift */,
				430B807F2612DD3700FF8B40 /* QuizCardModel.swift */,
				43155BE8261AAFD9004ACD5F /* QuizOptionsModel.swift */,
			);
			path = DataModels;
			sourceTree = "<group>";
		};
		DE8D350A7F89BFDC6E621E02 /* Pods */ = {
			isa = PBXGroup;
			children = (
				23833FCCC55F3F3088AD3611 /* Pods-StudyWMe.debug.xcconfig */,
				93A901E18899D48CDE3D89CC /* Pods-StudyWMe.release.xcconfig */,
				FEDF274D6D226FA6B1D46E80 /* Pods-StudyWMe-StudyWMeUITests.debug.xcconfig */,
				43AF960DB7106E54AA1EF69E /* Pods-StudyWMe-StudyWMeUITests.release.xcconfig */,
				54B357E7651F12CBA0557668 /* Pods-StudyWMeTests.debug.xcconfig */,
				C20A4B5CC4227C3919E38F7E /* Pods-StudyWMeTests.release.xcconfig */,
			);
			path = Pods;
			sourceTree = "<group>";
		};
/* End PBXGroup section */

/* Begin PBXNativeTarget section */
		43A05F5125FC630F00AA5073 /* StudyWMe */ = {
			isa = PBXNativeTarget;
			buildConfigurationList = 43A05F7C25FC631100AA5073 /* Build configuration list for PBXNativeTarget "StudyWMe" */;
			buildPhases = (
				E412E078BBD9F0CF957BB44B /* [CP] Check Pods Manifest.lock */,
				43A05F4E25FC630F00AA5073 /* Sources */,
				43A05F4F25FC630F00AA5073 /* Frameworks */,
				43A05F5025FC630F00AA5073 /* Resources */,
				A9A8B53C5083419793817687 /* [CP] Embed Pods Frameworks */,
			);
			buildRules = (
			);
			dependencies = (
			);
			name = StudyWMe;
			productName = StudyWMe;
			productReference = 43A05F5225FC630F00AA5073 /* StudyWMe.app */;
			productType = "com.apple.product-type.application";
		};
		43A05F6725FC631100AA5073 /* StudyWMeTests */ = {
			isa = PBXNativeTarget;
			buildConfigurationList = 43A05F7F25FC631100AA5073 /* Build configuration list for PBXNativeTarget "StudyWMeTests" */;
			buildPhases = (
				CF365422DD714E5D542CBB7F /* [CP] Check Pods Manifest.lock */,
				43A05F6425FC631100AA5073 /* Sources */,
				43A05F6525FC631100AA5073 /* Frameworks */,
				43A05F6625FC631100AA5073 /* Resources */,
			);
			buildRules = (
			);
			dependencies = (
				43A05F6A25FC631100AA5073 /* PBXTargetDependency */,
			);
			name = StudyWMeTests;
			productName = StudyWMeTests;
			productReference = 43A05F6825FC631100AA5073 /* StudyWMeTests.xctest */;
			productType = "com.apple.product-type.bundle.unit-test";
		};
		43A05F7225FC631100AA5073 /* StudyWMeUITests */ = {
			isa = PBXNativeTarget;
			buildConfigurationList = 43A05F8225FC631100AA5073 /* Build configuration list for PBXNativeTarget "StudyWMeUITests" */;
			buildPhases = (
				30ABCA297C2DAAF9A218D00B /* [CP] Check Pods Manifest.lock */,
				43A05F6F25FC631100AA5073 /* Sources */,
				43A05F7025FC631100AA5073 /* Frameworks */,
				43A05F7125FC631100AA5073 /* Resources */,
				99756913E1C69DA9085D3F69 /* [CP] Embed Pods Frameworks */,
			);
			buildRules = (
			);
			dependencies = (
				43A05F7525FC631100AA5073 /* PBXTargetDependency */,
			);
			name = StudyWMeUITests;
			productName = StudyWMeUITests;
			productReference = 43A05F7325FC631100AA5073 /* StudyWMeUITests.xctest */;
			productType = "com.apple.product-type.bundle.ui-testing";
		};
/* End PBXNativeTarget section */

/* Begin PBXProject section */
		43A05F4A25FC630F00AA5073 /* Project object */ = {
			isa = PBXProject;
			attributes = {
				LastSwiftUpdateCheck = 1230;
				LastUpgradeCheck = 1230;
				TargetAttributes = {
					43A05F5125FC630F00AA5073 = {
						CreatedOnToolsVersion = 12.3;
					};
					43A05F6725FC631100AA5073 = {
						CreatedOnToolsVersion = 12.3;
						TestTargetID = 43A05F5125FC630F00AA5073;
					};
					43A05F7225FC631100AA5073 = {
						CreatedOnToolsVersion = 12.3;
						TestTargetID = 43A05F5125FC630F00AA5073;
					};
				};
			};
			buildConfigurationList = 43A05F4D25FC630F00AA5073 /* Build configuration list for PBXProject "StudyWMe" */;
			compatibilityVersion = "Xcode 9.3";
			developmentRegion = en;
			hasScannedForEncodings = 0;
			knownRegions = (
				en,
				Base,
			);
			mainGroup = 43A05F4925FC630F00AA5073;
			productRefGroup = 43A05F5325FC630F00AA5073 /* Products */;
			projectDirPath = "";
			projectRoot = "";
			targets = (
				43A05F5125FC630F00AA5073 /* StudyWMe */,
				43A05F6725FC631100AA5073 /* StudyWMeTests */,
				43A05F7225FC631100AA5073 /* StudyWMeUITests */,
			);
		};
/* End PBXProject section */

/* Begin PBXResourcesBuildPhase section */
		43A05F5025FC630F00AA5073 /* Resources */ = {
			isa = PBXResourcesBuildPhase;
			buildActionMask = 2147483647;
			files = (
				43A05F6225FC631000AA5073 /* LaunchScreen.storyboard in Resources */,
				4394F4AA26030C8F00A8E056 /* GoogleService-Info.plist in Resources */,
				43A05F5F25FC631000AA5073 /* Preview Assets.xcassets in Resources */,
				43A05F5C25FC631000AA5073 /* Assets.xcassets in Resources */,
			);
			runOnlyForDeploymentPostprocessing = 0;
		};
		43A05F6625FC631100AA5073 /* Resources */ = {
			isa = PBXResourcesBuildPhase;
			buildActionMask = 2147483647;
			files = (
			);
			runOnlyForDeploymentPostprocessing = 0;
		};
		43A05F7125FC631100AA5073 /* Resources */ = {
			isa = PBXResourcesBuildPhase;
			buildActionMask = 2147483647;
			files = (
			);
			runOnlyForDeploymentPostprocessing = 0;
		};
/* End PBXResourcesBuildPhase section */

/* Begin PBXShellScriptBuildPhase section */
		30ABCA297C2DAAF9A218D00B /* [CP] Check Pods Manifest.lock */ = {
			isa = PBXShellScriptBuildPhase;
			buildActionMask = 2147483647;
			files = (
			);
			inputFileListPaths = (
			);
			inputPaths = (
				"${PODS_PODFILE_DIR_PATH}/Podfile.lock",
				"${PODS_ROOT}/Manifest.lock",
			);
			name = "[CP] Check Pods Manifest.lock";
			outputFileListPaths = (
			);
			outputPaths = (
				"$(DERIVED_FILE_DIR)/Pods-StudyWMe-StudyWMeUITests-checkManifestLockResult.txt",
			);
			runOnlyForDeploymentPostprocessing = 0;
			shellPath = /bin/sh;
			shellScript = "diff \"${PODS_PODFILE_DIR_PATH}/Podfile.lock\" \"${PODS_ROOT}/Manifest.lock\" > /dev/null\nif [ $? != 0 ] ; then\n    # print error to STDERR\n    echo \"error: The sandbox is not in sync with the Podfile.lock. Run 'pod install' or update your CocoaPods installation.\" >&2\n    exit 1\nfi\n# This output is used by Xcode 'outputs' to avoid re-running this script phase.\necho \"SUCCESS\" > \"${SCRIPT_OUTPUT_FILE_0}\"\n";
			showEnvVarsInLog = 0;
		};
		99756913E1C69DA9085D3F69 /* [CP] Embed Pods Frameworks */ = {
			isa = PBXShellScriptBuildPhase;
			buildActionMask = 2147483647;
			files = (
			);
			inputFileListPaths = (
				"${PODS_ROOT}/Target Support Files/Pods-StudyWMe-StudyWMeUITests/Pods-StudyWMe-StudyWMeUITests-frameworks-${CONFIGURATION}-input-files.xcfilelist",
			);
			name = "[CP] Embed Pods Frameworks";
			outputFileListPaths = (
				"${PODS_ROOT}/Target Support Files/Pods-StudyWMe-StudyWMeUITests/Pods-StudyWMe-StudyWMeUITests-frameworks-${CONFIGURATION}-output-files.xcfilelist",
			);
			runOnlyForDeploymentPostprocessing = 0;
			shellPath = /bin/sh;
			shellScript = "\"${PODS_ROOT}/Target Support Files/Pods-StudyWMe-StudyWMeUITests/Pods-StudyWMe-StudyWMeUITests-frameworks.sh\"\n";
			showEnvVarsInLog = 0;
		};
		A9A8B53C5083419793817687 /* [CP] Embed Pods Frameworks */ = {
			isa = PBXShellScriptBuildPhase;
			buildActionMask = 2147483647;
			files = (
			);
			inputFileListPaths = (
				"${PODS_ROOT}/Target Support Files/Pods-StudyWMe/Pods-StudyWMe-frameworks-${CONFIGURATION}-input-files.xcfilelist",
			);
			name = "[CP] Embed Pods Frameworks";
			outputFileListPaths = (
				"${PODS_ROOT}/Target Support Files/Pods-StudyWMe/Pods-StudyWMe-frameworks-${CONFIGURATION}-output-files.xcfilelist",
			);
			runOnlyForDeploymentPostprocessing = 0;
			shellPath = /bin/sh;
			shellScript = "\"${PODS_ROOT}/Target Support Files/Pods-StudyWMe/Pods-StudyWMe-frameworks.sh\"\n";
			showEnvVarsInLog = 0;
		};
		CF365422DD714E5D542CBB7F /* [CP] Check Pods Manifest.lock */ = {
			isa = PBXShellScriptBuildPhase;
			buildActionMask = 2147483647;
			files = (
			);
			inputFileListPaths = (
			);
			inputPaths = (
				"${PODS_PODFILE_DIR_PATH}/Podfile.lock",
				"${PODS_ROOT}/Manifest.lock",
			);
			name = "[CP] Check Pods Manifest.lock";
			outputFileListPaths = (
			);
			outputPaths = (
				"$(DERIVED_FILE_DIR)/Pods-StudyWMeTests-checkManifestLockResult.txt",
			);
			runOnlyForDeploymentPostprocessing = 0;
			shellPath = /bin/sh;
			shellScript = "diff \"${PODS_PODFILE_DIR_PATH}/Podfile.lock\" \"${PODS_ROOT}/Manifest.lock\" > /dev/null\nif [ $? != 0 ] ; then\n    # print error to STDERR\n    echo \"error: The sandbox is not in sync with the Podfile.lock. Run 'pod install' or update your CocoaPods installation.\" >&2\n    exit 1\nfi\n# This output is used by Xcode 'outputs' to avoid re-running this script phase.\necho \"SUCCESS\" > \"${SCRIPT_OUTPUT_FILE_0}\"\n";
			showEnvVarsInLog = 0;
		};
		E412E078BBD9F0CF957BB44B /* [CP] Check Pods Manifest.lock */ = {
			isa = PBXShellScriptBuildPhase;
			buildActionMask = 2147483647;
			files = (
			);
			inputFileListPaths = (
			);
			inputPaths = (
				"${PODS_PODFILE_DIR_PATH}/Podfile.lock",
				"${PODS_ROOT}/Manifest.lock",
			);
			name = "[CP] Check Pods Manifest.lock";
			outputFileListPaths = (
			);
			outputPaths = (
				"$(DERIVED_FILE_DIR)/Pods-StudyWMe-checkManifestLockResult.txt",
			);
			runOnlyForDeploymentPostprocessing = 0;
			shellPath = /bin/sh;
			shellScript = "diff \"${PODS_PODFILE_DIR_PATH}/Podfile.lock\" \"${PODS_ROOT}/Manifest.lock\" > /dev/null\nif [ $? != 0 ] ; then\n    # print error to STDERR\n    echo \"error: The sandbox is not in sync with the Podfile.lock. Run 'pod install' or update your CocoaPods installation.\" >&2\n    exit 1\nfi\n# This output is used by Xcode 'outputs' to avoid re-running this script phase.\necho \"SUCCESS\" > \"${SCRIPT_OUTPUT_FILE_0}\"\n";
			showEnvVarsInLog = 0;
		};
/* End PBXShellScriptBuildPhase section */

/* Begin PBXSourcesBuildPhase section */
		43A05F4E25FC630F00AA5073 /* Sources */ = {
			isa = PBXSourcesBuildPhase;
			buildActionMask = 2147483647;
			files = (
				430B807B2612DCEE00FF8B40 /* FlashCardModel.swift in Sources */,
				43C84565260F4A2A001957F8 /* FlashQuizView.swift in Sources */,
				430B80802612DD3700FF8B40 /* QuizCardModel.swift in Sources */,
				4314379E26215202004D6635 /* FlashCards.swift in Sources */,
				430B803C2612CC8C00FF8B40 /* KeyboardGuardian.swift in Sources */,
				43A05F5625FC630F00AA5073 /* AppDelegate.swift in Sources */,
				430FD7CC2620110600761BF8 /* ViewQuizCardsModel.swift in Sources */,
				4390F70826191E2E0001D875 /* AddQuizCardCategoryView.swift in Sources */,
				4392838F261E990A00804CCE /* QuizCardCategories.swift in Sources */,
				43C84549260E62B7001957F8 /* FeedbackView.swift in Sources */,
				43C8458A260F8CA4001957F8 /* QuizCardCategory.swift in Sources */,
				430B80B02612F76300FF8B40 /* NavigationCustomizer.swift in Sources */,
				43C844FC260D6E79001957F8 /* LoginModel.swift in Sources */,
				43155BE4261AAC7B004ACD5F /* AQuizCard.swift in Sources */,
				43C8452F260D95EC001957F8 /* MenuModel.swift in Sources */,
				43C844F7260D6CCD001957F8 /* LoaderView.swift in Sources */,
				43C84520260D8D35001957F8 /* MainView.swift in Sources */,
				4390F70D26191EEA0001D875 /* AddQuizCardCategoryModel.swift in Sources */,
				432E468C260192330063D020 /* ForgotPasswordView.swift in Sources */,
				435866E326118CF7001E3661 /* ProfileModel.swift in Sources */,
				4313BF872603143900F6E522 /* FirebaseAuthentication.swift in Sources */,
				4390F751261A7EB10001D875 /* AFlashCard.swift in Sources */,
				43C8454E260E62CB001957F8 /* AboutUsView.swift in Sources */,
				43C84501260D6F6F001957F8 /* SignUpModel.swift in Sources */,
				430B80672612CF9A00FF8B40 /* GeometryGetter.swift in Sources */,
				430FD7C7262008F500761BF8 /* ViewFlashCardsModel.swift in Sources */,
				43A05F5825FC630F00AA5073 /* SceneDelegate.swift in Sources */,
				432E467D260191320063D020 /* LoginView.swift in Sources */,
				432E46AD2601A4160063D020 /* CustomTextField.swift in Sources */,
				4390F73026192F610001D875 /* VisualEffectBlur.swift in Sources */,
				435866E826119711001E3661 /* FeedbackModel.swift in Sources */,
				43C84506260D6F97001957F8 /* ForgotPasswordModel.swift in Sources */,
				43A05F5A25FC630F00AA5073 /* ContentView.swift in Sources */,
				43C84525260D8FAC001957F8 /* Drawer.swift in Sources */,
				430B80A62612F19000FF8B40 /* AddFlashCardCategoryModel.swift in Sources */,
				43C84585260F8C26001957F8 /* FlashCardCategory.swift in Sources */,
				432E4687260191F30063D020 /* SignUpView.swift in Sources */,
				4390F74926196EAF0001D875 /* ViewQuizCards.swift in Sources */,
				431437A326215CC4004D6635 /* QuizCards.swift in Sources */,
				4390F74426196E9F0001D875 /* ViewFlashCards.swift in Sources */,
				43155BE9261AAFD9004ACD5F /* QuizOptionsModel.swift in Sources */,
				435866ED2611A4A4001E3661 /* AboutUsModel.swift in Sources */,
				43C84544260E629B001957F8 /* ProfileView.swift in Sources */,
				4392838A261E966500804CCE /* FlashCardCategories.swift in Sources */,
				4313BF9826031A9000F6E522 /* FieldValidators.swift in Sources */,
				430B80872612E36E00FF8B40 /* AddFlashCardCategoryView.swift in Sources */,
				43C845A4261152C6001957F8 /* CardView.swift in Sources */,
				43C8452A260D9509001957F8 /* MenuButtons.swift in Sources */,
				43C8457D260F5598001957F8 /* Student.swift in Sources */,
				430FD7C2261FED1C00761BF8 /* NetworkMonitor.swift in Sources */,
			);
			runOnlyForDeploymentPostprocessing = 0;
		};
		43A05F6425FC631100AA5073 /* Sources */ = {
			isa = PBXSourcesBuildPhase;
			buildActionMask = 2147483647;
			files = (
				43A05F6D25FC631100AA5073 /* StudyWMeTests.swift in Sources */,
			);
			runOnlyForDeploymentPostprocessing = 0;
		};
		43A05F6F25FC631100AA5073 /* Sources */ = {
			isa = PBXSourcesBuildPhase;
			buildActionMask = 2147483647;
			files = (
				43A05F7825FC631100AA5073 /* StudyWMeUITests.swift in Sources */,
			);
			runOnlyForDeploymentPostprocessing = 0;
		};
/* End PBXSourcesBuildPhase section */

/* Begin PBXTargetDependency section */
		43A05F6A25FC631100AA5073 /* PBXTargetDependency */ = {
			isa = PBXTargetDependency;
			target = 43A05F5125FC630F00AA5073 /* StudyWMe */;
			targetProxy = 43A05F6925FC631100AA5073 /* PBXContainerItemProxy */;
		};
		43A05F7525FC631100AA5073 /* PBXTargetDependency */ = {
			isa = PBXTargetDependency;
			target = 43A05F5125FC630F00AA5073 /* StudyWMe */;
			targetProxy = 43A05F7425FC631100AA5073 /* PBXContainerItemProxy */;
		};
/* End PBXTargetDependency section */

/* Begin PBXVariantGroup section */
		43A05F6025FC631000AA5073 /* LaunchScreen.storyboard */ = {
			isa = PBXVariantGroup;
			children = (
				43A05F6125FC631000AA5073 /* Base */,
			);
			name = LaunchScreen.storyboard;
			sourceTree = "<group>";
		};
/* End PBXVariantGroup section */

/* Begin XCBuildConfiguration section */
		43A05F7A25FC631100AA5073 /* Debug */ = {
			isa = XCBuildConfiguration;
			buildSettings = {
				ALWAYS_SEARCH_USER_PATHS = NO;
				CLANG_ANALYZER_NONNULL = YES;
				CLANG_ANALYZER_NUMBER_OBJECT_CONVERSION = YES_AGGRESSIVE;
				CLANG_CXX_LANGUAGE_STANDARD = "gnu++14";
				CLANG_CXX_LIBRARY = "libc++";
				CLANG_ENABLE_MODULES = YES;
				CLANG_ENABLE_OBJC_ARC = YES;
				CLANG_ENABLE_OBJC_WEAK = YES;
				CLANG_WARN_BLOCK_CAPTURE_AUTORELEASING = YES;
				CLANG_WARN_BOOL_CONVERSION = YES;
				CLANG_WARN_COMMA = YES;
				CLANG_WARN_CONSTANT_CONVERSION = YES;
				CLANG_WARN_DEPRECATED_OBJC_IMPLEMENTATIONS = YES;
				CLANG_WARN_DIRECT_OBJC_ISA_USAGE = YES_ERROR;
				CLANG_WARN_DOCUMENTATION_COMMENTS = YES;
				CLANG_WARN_EMPTY_BODY = YES;
				CLANG_WARN_ENUM_CONVERSION = YES;
				CLANG_WARN_INFINITE_RECURSION = YES;
				CLANG_WARN_INT_CONVERSION = YES;
				CLANG_WARN_NON_LITERAL_NULL_CONVERSION = YES;
				CLANG_WARN_OBJC_IMPLICIT_RETAIN_SELF = YES;
				CLANG_WARN_OBJC_LITERAL_CONVERSION = YES;
				CLANG_WARN_OBJC_ROOT_CLASS = YES_ERROR;
				CLANG_WARN_QUOTED_INCLUDE_IN_FRAMEWORK_HEADER = YES;
				CLANG_WARN_RANGE_LOOP_ANALYSIS = YES;
				CLANG_WARN_STRICT_PROTOTYPES = YES;
				CLANG_WARN_SUSPICIOUS_MOVE = YES;
				CLANG_WARN_UNGUARDED_AVAILABILITY = YES_AGGRESSIVE;
				CLANG_WARN_UNREACHABLE_CODE = YES;
				CLANG_WARN__DUPLICATE_METHOD_MATCH = YES;
				COPY_PHASE_STRIP = NO;
				DEBUG_INFORMATION_FORMAT = dwarf;
				ENABLE_STRICT_OBJC_MSGSEND = YES;
				ENABLE_TESTABILITY = YES;
				GCC_C_LANGUAGE_STANDARD = gnu11;
				GCC_DYNAMIC_NO_PIC = NO;
				GCC_NO_COMMON_BLOCKS = YES;
				GCC_OPTIMIZATION_LEVEL = 0;
				GCC_PREPROCESSOR_DEFINITIONS = (
					"DEBUG=1",
					"$(inherited)",
				);
				GCC_WARN_64_TO_32_BIT_CONVERSION = YES;
				GCC_WARN_ABOUT_RETURN_TYPE = YES_ERROR;
				GCC_WARN_UNDECLARED_SELECTOR = YES;
				GCC_WARN_UNINITIALIZED_AUTOS = YES_AGGRESSIVE;
				GCC_WARN_UNUSED_FUNCTION = YES;
				GCC_WARN_UNUSED_VARIABLE = YES;
				IPHONEOS_DEPLOYMENT_TARGET = 14.3;
				MTL_ENABLE_DEBUG_INFO = INCLUDE_SOURCE;
				MTL_FAST_MATH = YES;
				ONLY_ACTIVE_ARCH = YES;
				SDKROOT = iphoneos;
				SWIFT_ACTIVE_COMPILATION_CONDITIONS = DEBUG;
				SWIFT_OPTIMIZATION_LEVEL = "-Onone";
			};
			name = Debug;
		};
		43A05F7B25FC631100AA5073 /* Release */ = {
			isa = XCBuildConfiguration;
			buildSettings = {
				ALWAYS_SEARCH_USER_PATHS = NO;
				CLANG_ANALYZER_NONNULL = YES;
				CLANG_ANALYZER_NUMBER_OBJECT_CONVERSION = YES_AGGRESSIVE;
				CLANG_CXX_LANGUAGE_STANDARD = "gnu++14";
				CLANG_CXX_LIBRARY = "libc++";
				CLANG_ENABLE_MODULES = YES;
				CLANG_ENABLE_OBJC_ARC = YES;
				CLANG_ENABLE_OBJC_WEAK = YES;
				CLANG_WARN_BLOCK_CAPTURE_AUTORELEASING = YES;
				CLANG_WARN_BOOL_CONVERSION = YES;
				CLANG_WARN_COMMA = YES;
				CLANG_WARN_CONSTANT_CONVERSION = YES;
				CLANG_WARN_DEPRECATED_OBJC_IMPLEMENTATIONS = YES;
				CLANG_WARN_DIRECT_OBJC_ISA_USAGE = YES_ERROR;
				CLANG_WARN_DOCUMENTATION_COMMENTS = YES;
				CLANG_WARN_EMPTY_BODY = YES;
				CLANG_WARN_ENUM_CONVERSION = YES;
				CLANG_WARN_INFINITE_RECURSION = YES;
				CLANG_WARN_INT_CONVERSION = YES;
				CLANG_WARN_NON_LITERAL_NULL_CONVERSION = YES;
				CLANG_WARN_OBJC_IMPLICIT_RETAIN_SELF = YES;
				CLANG_WARN_OBJC_LITERAL_CONVERSION = YES;
				CLANG_WARN_OBJC_ROOT_CLASS = YES_ERROR;
				CLANG_WARN_QUOTED_INCLUDE_IN_FRAMEWORK_HEADER = YES;
				CLANG_WARN_RANGE_LOOP_ANALYSIS = YES;
				CLANG_WARN_STRICT_PROTOTYPES = YES;
				CLANG_WARN_SUSPICIOUS_MOVE = YES;
				CLANG_WARN_UNGUARDED_AVAILABILITY = YES_AGGRESSIVE;
				CLANG_WARN_UNREACHABLE_CODE = YES;
				CLANG_WARN__DUPLICATE_METHOD_MATCH = YES;
				COPY_PHASE_STRIP = NO;
				DEBUG_INFORMATION_FORMAT = "dwarf-with-dsym";
				ENABLE_NS_ASSERTIONS = NO;
				ENABLE_STRICT_OBJC_MSGSEND = YES;
				GCC_C_LANGUAGE_STANDARD = gnu11;
				GCC_NO_COMMON_BLOCKS = YES;
				GCC_WARN_64_TO_32_BIT_CONVERSION = YES;
				GCC_WARN_ABOUT_RETURN_TYPE = YES_ERROR;
				GCC_WARN_UNDECLARED_SELECTOR = YES;
				GCC_WARN_UNINITIALIZED_AUTOS = YES_AGGRESSIVE;
				GCC_WARN_UNUSED_FUNCTION = YES;
				GCC_WARN_UNUSED_VARIABLE = YES;
				IPHONEOS_DEPLOYMENT_TARGET = 14.3;
				MTL_ENABLE_DEBUG_INFO = NO;
				MTL_FAST_MATH = YES;
				SDKROOT = iphoneos;
				SWIFT_COMPILATION_MODE = wholemodule;
				SWIFT_OPTIMIZATION_LEVEL = "-O";
				VALIDATE_PRODUCT = YES;
			};
			name = Release;
		};
		43A05F7D25FC631100AA5073 /* Debug */ = {
			isa = XCBuildConfiguration;
			baseConfigurationReference = 23833FCCC55F3F3088AD3611 /* Pods-StudyWMe.debug.xcconfig */;
			buildSettings = {
				ASSETCATALOG_COMPILER_APPICON_NAME = AppIcon;
				ASSETCATALOG_COMPILER_GLOBAL_ACCENT_COLOR_NAME = AccentColor;
				CODE_SIGN_STYLE = Automatic;
				DEVELOPMENT_ASSET_PATHS = "\"StudyWMe/Preview Content\"";
				DEVELOPMENT_TEAM = 3YD6684FH8;
				ENABLE_PREVIEWS = YES;
				INFOPLIST_FILE = StudyWMe/Info.plist;
				IPHONEOS_DEPLOYMENT_TARGET = 14.3;
				LD_RUNPATH_SEARCH_PATHS = (
					"$(inherited)",
					"@executable_path/Frameworks",
				);
				PRODUCT_BUNDLE_IDENTIFIER = ca.wlu.StudyWMe;
				PRODUCT_NAME = "$(TARGET_NAME)";
				SWIFT_VERSION = 5.0;
				TARGETED_DEVICE_FAMILY = 2;
			};
			name = Debug;
		};
		43A05F7E25FC631100AA5073 /* Release */ = {
			isa = XCBuildConfiguration;
			baseConfigurationReference = 93A901E18899D48CDE3D89CC /* Pods-StudyWMe.release.xcconfig */;
			buildSettings = {
				ASSETCATALOG_COMPILER_APPICON_NAME = AppIcon;
				ASSETCATALOG_COMPILER_GLOBAL_ACCENT_COLOR_NAME = AccentColor;
				CODE_SIGN_STYLE = Automatic;
				DEVELOPMENT_ASSET_PATHS = "\"StudyWMe/Preview Content\"";
				DEVELOPMENT_TEAM = 3YD6684FH8;
				ENABLE_PREVIEWS = YES;
				INFOPLIST_FILE = StudyWMe/Info.plist;
				IPHONEOS_DEPLOYMENT_TARGET = 14.3;
				LD_RUNPATH_SEARCH_PATHS = (
					"$(inherited)",
					"@executable_path/Frameworks",
				);
				PRODUCT_BUNDLE_IDENTIFIER = ca.wlu.StudyWMe;
				PRODUCT_NAME = "$(TARGET_NAME)";
				SWIFT_VERSION = 5.0;
				TARGETED_DEVICE_FAMILY = 2;
			};
			name = Release;
		};
		43A05F8025FC631100AA5073 /* Debug */ = {
			isa = XCBuildConfiguration;
			baseConfigurationReference = 54B357E7651F12CBA0557668 /* Pods-StudyWMeTests.debug.xcconfig */;
			buildSettings = {
				ALWAYS_EMBED_SWIFT_STANDARD_LIBRARIES = YES;
				BUNDLE_LOADER = "$(TEST_HOST)";
				CODE_SIGN_STYLE = Automatic;
				DEVELOPMENT_TEAM = 3YD6684FH8;
				INFOPLIST_FILE = StudyWMeTests/Info.plist;
				IPHONEOS_DEPLOYMENT_TARGET = 14.3;
				LD_RUNPATH_SEARCH_PATHS = (
					"$(inherited)",
					"@executable_path/Frameworks",
					"@loader_path/Frameworks",
				);
				PRODUCT_BUNDLE_IDENTIFIER = ca.wlu.StudyWMeTests;
				PRODUCT_NAME = "$(TARGET_NAME)";
				SWIFT_VERSION = 5.0;
				TARGETED_DEVICE_FAMILY = "1,2";
				TEST_HOST = "$(BUILT_PRODUCTS_DIR)/StudyWMe.app/StudyWMe";
			};
			name = Debug;
		};
		43A05F8125FC631100AA5073 /* Release */ = {
			isa = XCBuildConfiguration;
			baseConfigurationReference = C20A4B5CC4227C3919E38F7E /* Pods-StudyWMeTests.release.xcconfig */;
			buildSettings = {
				ALWAYS_EMBED_SWIFT_STANDARD_LIBRARIES = YES;
				BUNDLE_LOADER = "$(TEST_HOST)";
				CODE_SIGN_STYLE = Automatic;
				DEVELOPMENT_TEAM = 3YD6684FH8;
				INFOPLIST_FILE = StudyWMeTests/Info.plist;
				IPHONEOS_DEPLOYMENT_TARGET = 14.3;
				LD_RUNPATH_SEARCH_PATHS = (
					"$(inherited)",
					"@executable_path/Frameworks",
					"@loader_path/Frameworks",
				);
				PRODUCT_BUNDLE_IDENTIFIER = ca.wlu.StudyWMeTests;
				PRODUCT_NAME = "$(TARGET_NAME)";
				SWIFT_VERSION = 5.0;
				TARGETED_DEVICE_FAMILY = "1,2";
				TEST_HOST = "$(BUILT_PRODUCTS_DIR)/StudyWMe.app/StudyWMe";
			};
			name = Release;
		};
		43A05F8325FC631100AA5073 /* Debug */ = {
			isa = XCBuildConfiguration;
			baseConfigurationReference = FEDF274D6D226FA6B1D46E80 /* Pods-StudyWMe-StudyWMeUITests.debug.xcconfig */;
			buildSettings = {
				ALWAYS_EMBED_SWIFT_STANDARD_LIBRARIES = YES;
				CODE_SIGN_STYLE = Automatic;
				DEVELOPMENT_TEAM = 3YD6684FH8;
				INFOPLIST_FILE = StudyWMeUITests/Info.plist;
				LD_RUNPATH_SEARCH_PATHS = (
					"$(inherited)",
					"@executable_path/Frameworks",
					"@loader_path/Frameworks",
				);
				PRODUCT_BUNDLE_IDENTIFIER = ca.wlu.StudyWMeUITests;
				PRODUCT_NAME = "$(TARGET_NAME)";
				SWIFT_VERSION = 5.0;
				TARGETED_DEVICE_FAMILY = "1,2";
				TEST_TARGET_NAME = StudyWMe;
			};
			name = Debug;
		};
		43A05F8425FC631100AA5073 /* Release */ = {
			isa = XCBuildConfiguration;
			baseConfigurationReference = 43AF960DB7106E54AA1EF69E /* Pods-StudyWMe-StudyWMeUITests.release.xcconfig */;
			buildSettings = {
				ALWAYS_EMBED_SWIFT_STANDARD_LIBRARIES = YES;
				CODE_SIGN_STYLE = Automatic;
				DEVELOPMENT_TEAM = 3YD6684FH8;
				INFOPLIST_FILE = StudyWMeUITests/Info.plist;
				LD_RUNPATH_SEARCH_PATHS = (
					"$(inherited)",
					"@executable_path/Frameworks",
					"@loader_path/Frameworks",
				);
				PRODUCT_BUNDLE_IDENTIFIER = ca.wlu.StudyWMeUITests;
				PRODUCT_NAME = "$(TARGET_NAME)";
				SWIFT_VERSION = 5.0;
				TARGETED_DEVICE_FAMILY = "1,2";
				TEST_TARGET_NAME = StudyWMe;
			};
			name = Release;
		};
/* End XCBuildConfiguration section */

/* Begin XCConfigurationList section */
		43A05F4D25FC630F00AA5073 /* Build configuration list for PBXProject "StudyWMe" */ = {
			isa = XCConfigurationList;
			buildConfigurations = (
				43A05F7A25FC631100AA5073 /* Debug */,
				43A05F7B25FC631100AA5073 /* Release */,
			);
			defaultConfigurationIsVisible = 0;
			defaultConfigurationName = Release;
		};
		43A05F7C25FC631100AA5073 /* Build configuration list for PBXNativeTarget "StudyWMe" */ = {
			isa = XCConfigurationList;
			buildConfigurations = (
				43A05F7D25FC631100AA5073 /* Debug */,
				43A05F7E25FC631100AA5073 /* Release */,
			);
			defaultConfigurationIsVisible = 0;
			defaultConfigurationName = Release;
		};
		43A05F7F25FC631100AA5073 /* Build configuration list for PBXNativeTarget "StudyWMeTests" */ = {
			isa = XCConfigurationList;
			buildConfigurations = (
				43A05F8025FC631100AA5073 /* Debug */,
				43A05F8125FC631100AA5073 /* Release */,
			);
			defaultConfigurationIsVisible = 0;
			defaultConfigurationName = Release;
		};
		43A05F8225FC631100AA5073 /* Build configuration list for PBXNativeTarget "StudyWMeUITests" */ = {
			isa = XCConfigurationList;
			buildConfigurations = (
				43A05F8325FC631100AA5073 /* Debug */,
				43A05F8425FC631100AA5073 /* Release */,
			);
			defaultConfigurationIsVisible = 0;
			defaultConfigurationName = Release;
		};
/* End XCConfigurationList section */
	};
	rootObject = 43A05F4A25FC630F00AA5073 /* Project object */;
}
